
Microsoft Visual Studio Solution File, Format Version 12.00
# Visual Studio Version 17
VisualStudioVersion = 17.12.35527.113
MinimumVisualStudioVersion = 10.0.40219.1
Project("{FAE04EC0-301F-11D3-BF4B-00C04F79EFBC}") = "VideoGamesStore", "VideoGamesStore\VideoGamesStore.csproj", "{86F92CF6-76FD-498A-8F6B-1AE8E85AFBFF}"
EndProject
Project("{FAE04EC0-301F-11D3-BF4B-00C04F79EFBC}") = "VideoGame.Core", "VideoGame.Core\VideoGame.Core.csproj", "{81BC8D1F-2872-44FF-83CB-99DDFF69F0C3}"
EndProject
Global
	GlobalSection(SolutionConfigurationPlatforms) = preSolution
		Debug|Any CPU = Debug|Any CPU
		Release|Any CPU = Release|Any CPU
	EndGlobalSection
	GlobalSection(ProjectConfigurationPlatforms) = postSolution
		{86F92CF6-76FD-498A-8F6B-1AE8E85AFBFF}.Debug|Any CPU.ActiveCfg = Debug|Any CPU
		{86F92CF6-76FD-498A-8F6B-1AE8E85AFBFF}.Debug|Any CPU.Build.0 = Debug|Any CPU
		{86F92CF6-76FD-498A-8F6B-1AE8E85AFBFF}.Release|Any CPU.ActiveCfg = Release|Any CPU
		{86F92CF6-76FD-498A-8F6B-1AE8E85AFBFF}.Release|Any CPU.Build.0 = Release|Any CPU
		{81BC8D1F-2872-44FF-83CB-99DDFF69F0C3}.Debug|Any CPU.ActiveCfg = Debug|Any CPU
		{81BC8D1F-2872-44FF-83CB-99DDFF69F0C3}.Debug|Any CPU.Build.0 = Debug|Any CPU
		{81BC8D1F-2872-44FF-83CB-99DDFF69F0C3}.Release|Any CPU.ActiveCfg = Release|Any CPU
		{81BC8D1F-2872-44FF-83CB-99DDFF69F0C3}.Release|Any CPU.Build.0 = Release|Any CPU
	EndGlobalSection
	GlobalSection(SolutionProperties) = preSolution
		HideSolutionNode = FALSE
	EndGlobalSection
EndGlobal
